// !$*UTF8*$!
{
	archiveVersion = 1;
	classes = {
	};
	objectVersion = 46;
	objects = {

/* Begin PBXBuildFile section */
		DF26546B1B0390F50042BC79 /* AppDelegate.swift in Sources */ = {isa = PBXBuildFile; fileRef = DF26546A1B0390F50042BC79 /* AppDelegate.swift */; };
		DF26546D1B0390F50042BC79 /* Images.xcassets in Resources */ = {isa = PBXBuildFile; fileRef = DF26546C1B0390F50042BC79 /* Images.xcassets */; };
		DF2654701B0390F50042BC79 /* MainMenu.xib in Resources */ = {isa = PBXBuildFile; fileRef = DF26546E1B0390F50042BC79 /* MainMenu.xib */; };
		DF26547C1B0390F50042BC79 /* CsieDnsUpdaterTests.swift in Sources */ = {isa = PBXBuildFile; fileRef = DF26547B1B0390F50042BC79 /* CsieDnsUpdaterTests.swift */; };
		DF2654AF1B05974F0042BC79 /* StatusMenuController.swift in Sources */ = {isa = PBXBuildFile; fileRef = DF2654AE1B05974F0042BC79 /* StatusMenuController.swift */; };
		DF2654B11B05A63A0042BC79 /* CsieDnsUpdate.swift in Sources */ = {isa = PBXBuildFile; fileRef = DF2654B01B05A63A0042BC79 /* CsieDnsUpdate.swift */; };
		DF2654BC1B05B78E0042BC79 /* PreferencesWindow.swift in Sources */ = {isa = PBXBuildFile; fileRef = DF2654BA1B05B78E0042BC79 /* PreferencesWindow.swift */; };
		DF2654BD1B05B78E0042BC79 /* PreferencesWindow.xib in Resources */ = {isa = PBXBuildFile; fileRef = DF2654BB1B05B78E0042BC79 /* PreferencesWindow.xib */; };
		DF8D6B2E1B06ED8B00404BAE /* DNSView.swift in Sources */ = {isa = PBXBuildFile; fileRef = DF8D6B2D1B06ED8B00404BAE /* DNSView.swift */; };
/* End PBXBuildFile section */

/* Begin PBXContainerItemProxy section */
		DF2654761B0390F50042BC79 /* PBXContainerItemProxy */ = {
			isa = PBXContainerItemProxy;
			containerPortal = DF26545D1B0390F50042BC79 /* Project object */;
			proxyType = 1;
			remoteGlobalIDString = DF2654641B0390F50042BC79;
			remoteInfo = CsieDnsUpdater;
		};
/* End PBXContainerItemProxy section */

/* Begin PBXFileReference section */
		DF2654651B0390F50042BC79 /* CsieDnsUpdater.app */ = {isa = PBXFileReference; explicitFileType = wrapper.application; includeInIndex = 0; path = CsieDnsUpdater.app; sourceTree = BUILT_PRODUCTS_DIR; };
		DF2654691B0390F50042BC79 /* Info.plist */ = {isa = PBXFileReference; lastKnownFileType = text.plist.xml; path = Info.plist; sourceTree = "<group>"; };
		DF26546A1B0390F50042BC79 /* AppDelegate.swift */ = {isa = PBXFileReference; lastKnownFileType = sourcecode.swift; path = AppDelegate.swift; sourceTree = "<group>"; };
		DF26546C1B0390F50042BC79 /* Images.xcassets */ = {isa = PBXFileReference; lastKnownFileType = folder.assetcatalog; path = Images.xcassets; sourceTree = "<group>"; };
		DF26546F1B0390F50042BC79 /* Base */ = {isa = PBXFileReference; lastKnownFileType = file.xib; name = Base; path = Base.lproj/MainMenu.xib; sourceTree = "<group>"; };
		DF2654751B0390F50042BC79 /* CsieDnsUpdaterTests.xctest */ = {isa = PBXFileReference; explicitFileType = wrapper.cfbundle; includeInIndex = 0; path = CsieDnsUpdaterTests.xctest; sourceTree = BUILT_PRODUCTS_DIR; };
		DF26547A1B0390F50042BC79 /* Info.plist */ = {isa = PBXFileReference; lastKnownFileType = text.plist.xml; path = Info.plist; sourceTree = "<group>"; };
		DF26547B1B0390F50042BC79 /* CsieDnsUpdaterTests.swift */ = {isa = PBXFileReference; lastKnownFileType = sourcecode.swift; path = CsieDnsUpdaterTests.swift; sourceTree = "<group>"; };
		DF2654AE1B05974F0042BC79 /* StatusMenuController.swift */ = {isa = PBXFileReference; fileEncoding = 4; lastKnownFileType = sourcecode.swift; path = StatusMenuController.swift; sourceTree = "<group>"; };
		DF2654B01B05A63A0042BC79 /* CsieDnsUpdate.swift */ = {isa = PBXFileReference; fileEncoding = 4; lastKnownFileType = sourcecode.swift; path = CsieDnsUpdate.swift; sourceTree = "<group>"; };
		DF2654BA1B05B78E0042BC79 /* PreferencesWindow.swift */ = {isa = PBXFileReference; fileEncoding = 4; lastKnownFileType = sourcecode.swift; path = PreferencesWindow.swift; sourceTree = "<group>"; };
		DF2654BB1B05B78E0042BC79 /* PreferencesWindow.xib */ = {isa = PBXFileReference; fileEncoding = 4; lastKnownFileType = file.xib; path = PreferencesWindow.xib; sourceTree = "<group>"; };
		DF8D6B2D1B06ED8B00404BAE /* DNSView.swift */ = {isa = PBXFileReference; fileEncoding = 4; lastKnownFileType = sourcecode.swift; path = DNSView.swift; sourceTree = "<group>"; };
/* End PBXFileReference section */

/* Begin PBXFrameworksBuildPhase section */
		DF2654621B0390F50042BC79 /* Frameworks */ = {
			isa = PBXFrameworksBuildPhase;
			buildActionMask = 2147483647;
			files = (
			);
			runOnlyForDeploymentPostprocessing = 0;
		};
		DF2654721B0390F50042BC79 /* Frameworks */ = {
			isa = PBXFrameworksBuildPhase;
			buildActionMask = 2147483647;
			files = (
			);
			runOnlyForDeploymentPostprocessing = 0;
		};
/* End PBXFrameworksBuildPhase section */

/* Begin PBXGroup section */
		DF26545C1B0390F50042BC79 = {
			isa = PBXGroup;
			children = (
				DF2654671B0390F50042BC79 /* CsieDnsUpdater */,
				DF2654781B0390F50042BC79 /* CsieDnsUpdaterTests */,
				DF2654661B0390F50042BC79 /* Products */,
			);
			sourceTree = "<group>";
		};
		DF2654661B0390F50042BC79 /* Products */ = {
			isa = PBXGroup;
			children = (
				DF2654651B0390F50042BC79 /* CsieDnsUpdater.app */,
				DF2654751B0390F50042BC79 /* CsieDnsUpdaterTests.xctest */,
			);
			name = Products;
			sourceTree = "<group>";
		};
		DF2654671B0390F50042BC79 /* CsieDnsUpdater */ = {
			isa = PBXGroup;
			children = (
				DF26546A1B0390F50042BC79 /* AppDelegate.swift */,
				DF2654B01B05A63A0042BC79 /* CsieDnsUpdate.swift */,
				DF26546C1B0390F50042BC79 /* Images.xcassets */,
				DF26546E1B0390F50042BC79 /* MainMenu.xib */,
				DF2654681B0390F50042BC79 /* Supporting Files */,
				DF2654AE1B05974F0042BC79 /* StatusMenuController.swift */,
				DF2654BA1B05B78E0042BC79 /* PreferencesWindow.swift */,
				DF2654BB1B05B78E0042BC79 /* PreferencesWindow.xib */,
				DF8D6B2D1B06ED8B00404BAE /* DNSView.swift */,
			);
			path = CsieDnsUpdater;
			sourceTree = "<group>";
		};
		DF2654681B0390F50042BC79 /* Supporting Files */ = {
			isa = PBXGroup;
			children = (
				DF2654691B0390F50042BC79 /* Info.plist */,
			);
			name = "Supporting Files";
			sourceTree = "<group>";
		};
		DF2654781B0390F50042BC79 /* CsieDnsUpdaterTests */ = {
			isa = PBXGroup;
			children = (
				DF26547B1B0390F50042BC79 /* CsieDnsUpdaterTests.swift */,
				DF2654791B0390F50042BC79 /* Supporting Files */,
			);
			path = CsieDnsUpdaterTests;
			sourceTree = "<group>";
		};
		DF2654791B0390F50042BC79 /* Supporting Files */ = {
			isa = PBXGroup;
			children = (
				DF26547A1B0390F50042BC79 /* Info.plist */,
			);
			name = "Supporting Files";
			sourceTree = "<group>";
		};
/* End PBXGroup section */

/* Begin PBXNativeTarget section */
		DF2654641B0390F50042BC79 /* CsieDnsUpdater */ = {
			isa = PBXNativeTarget;
			buildConfigurationList = DF26547F1B0390F50042BC79 /* Build configuration list for PBXNativeTarget "CsieDnsUpdater" */;
			buildPhases = (
				DF2654611B0390F50042BC79 /* Sources */,
				DF2654621B0390F50042BC79 /* Frameworks */,
				DF2654631B0390F50042BC79 /* Resources */,
			);
			buildRules = (
			);
			dependencies = (
			);
			name = CsieDnsUpdater;
			productName = CsieDnsUpdater;
			productReference = DF2654651B0390F50042BC79 /* CsieDnsUpdater.app */;
			productType = "com.apple.product-type.application";
		};
		DF2654741B0390F50042BC79 /* CsieDnsUpdaterTests */ = {
			isa = PBXNativeTarget;
			buildConfigurationList = DF2654821B0390F50042BC79 /* Build configuration list for PBXNativeTarget "CsieDnsUpdaterTests" */;
			buildPhases = (
				DF2654711B0390F50042BC79 /* Sources */,
				DF2654721B0390F50042BC79 /* Frameworks */,
				DF2654731B0390F50042BC79 /* Resources */,
			);
			buildRules = (
			);
			dependencies = (
				DF2654771B0390F50042BC79 /* PBXTargetDependency */,
			);
			name = CsieDnsUpdaterTests;
			productName = CsieDnsUpdaterTests;
			productReference = DF2654751B0390F50042BC79 /* CsieDnsUpdaterTests.xctest */;
			productType = "com.apple.product-type.bundle.unit-test";
		};
/* End PBXNativeTarget section */

/* Begin PBXProject section */
		DF26545D1B0390F50042BC79 /* Project object */ = {
			isa = PBXProject;
			attributes = {
				LastUpgradeCheck = 0630;
				ORGANIZATIONNAME = "Cheng-Lin Yang";
				TargetAttributes = {
					DF2654641B0390F50042BC79 = {
						CreatedOnToolsVersion = 6.3.1;
					};
					DF2654741B0390F50042BC79 = {
						CreatedOnToolsVersion = 6.3.1;
						TestTargetID = DF2654641B0390F50042BC79;
					};
				};
			};
			buildConfigurationList = DF2654601B0390F50042BC79 /* Build configuration list for PBXProject "CsieDnsUpdater" */;
			compatibilityVersion = "Xcode 3.2";
			developmentRegion = English;
			hasScannedForEncodings = 0;
			knownRegions = (
				en,
				Base,
			);
			mainGroup = DF26545C1B0390F50042BC79;
			productRefGroup = DF2654661B0390F50042BC79 /* Products */;
			projectDirPath = "";
			projectRoot = "";
			targets = (
				DF2654641B0390F50042BC79 /* CsieDnsUpdater */,
				DF2654741B0390F50042BC79 /* CsieDnsUpdaterTests */,
			);
		};
/* End PBXProject section */

/* Begin PBXResourcesBuildPhase section */
		DF2654631B0390F50042BC79 /* Resources */ = {
			isa = PBXResourcesBuildPhase;
			buildActionMask = 2147483647;
			files = (
				DF26546D1B0390F50042BC79 /* Images.xcassets in Resources */,
				DF2654BD1B05B78E0042BC79 /* PreferencesWindow.xib in Resources */,
				DF2654701B0390F50042BC79 /* MainMenu.xib in Resources */,
			);
			runOnlyForDeploymentPostprocessing = 0;
		};
		DF2654731B0390F50042BC79 /* Resources */ = {
			isa = PBXResourcesBuildPhase;
			buildActionMask = 2147483647;
			files = (
			);
			runOnlyForDeploymentPostprocessing = 0;
		};
/* End PBXResourcesBuildPhase section */

/* Begin PBXSourcesBuildPhase section */
		DF2654611B0390F50042BC79 /* Sources */ = {
			isa = PBXSourcesBuildPhase;
			buildActionMask = 2147483647;
			files = (
				DF2654BC1B05B78E0042BC79 /* PreferencesWindow.swift in Sources */,
				DF8D6B2E1B06ED8B00404BAE /* DNSView.swift in Sources */,
				DF2654B11B05A63A0042BC79 /* CsieDnsUpdate.swift in Sources */,
				DF2654AF1B05974F0042BC79 /* StatusMenuController.swift in Sources */,
				DF26546B1B0390F50042BC79 /* AppDelegate.swift in Sources */,
			);
			runOnlyForDeploymentPostprocessing = 0;
		};
		DF2654711B0390F50042BC79 /* Sources */ = {
			isa = PBXSourcesBuildPhase;
			buildActionMask = 2147483647;
			files = (
				DF26547C1B0390F50042BC79 /* CsieDnsUpdaterTests.swift in Sources */,
			);
			runOnlyForDeploymentPostprocessing = 0;
		};
/* End PBXSourcesBuildPhase section */

/* Begin PBXTargetDependency section */
		DF2654771B0390F50042BC79 /* PBXTargetDependency */ = {
			isa = PBXTargetDependency;
			target = DF2654641B0390F50042BC79 /* CsieDnsUpdater */;
			targetProxy = DF2654761B0390F50042BC79 /* PBXContainerItemProxy */;
		};
/* End PBXTargetDependency section */

/* Begin PBXVariantGroup section */
		DF26546E1B0390F50042BC79 /* MainMenu.xib */ = {
			isa = PBXVariantGroup;
			children = (
				DF26546F1B0390F50042BC79 /* Base */,
			);
			name = MainMenu.xib;
			sourceTree = "<group>";
		};
/* End PBXVariantGroup section */

/* Begin XCBuildConfiguration section */
		DF26547D1B0390F50042BC79 /* Debug */ = {
			isa = XCBuildConfiguration;
			buildSettings = {
				ALWAYS_SEARCH_USER_PATHS = NO;
				CLANG_CXX_LANGUAGE_STANDARD = "gnu++0x";
				CLANG_CXX_LIBRARY = "libc++";
				CLANG_ENABLE_MODULES = YES;
				CLANG_ENABLE_OBJC_ARC = YES;
				CLANG_WARN_BOOL_CONVERSION = YES;
				CLANG_WARN_CONSTANT_CONVERSION = YES;
				CLANG_WARN_DIRECT_OBJC_ISA_USAGE = YES_ERROR;
				CLANG_WARN_EMPTY_BODY = YES;
				CLANG_WARN_ENUM_CONVERSION = YES;
				CLANG_WARN_INT_CONVERSION = YES;
				CLANG_WARN_OBJC_ROOT_CLASS = YES_ERROR;
				CLANG_WARN_UNREACHABLE_CODE = YES;
				CLANG_WARN__DUPLICATE_METHOD_MATCH = YES;
				CODE_SIGN_IDENTITY = "-";
				COPY_PHASE_STRIP = NO;
				DEBUG_INFORMATION_FORMAT = dwarf;
				ENABLE_STRICT_OBJC_MSGSEND = YES;
				GCC_C_LANGUAGE_STANDARD = gnu99;
				GCC_DYNAMIC_NO_PIC = NO;
				GCC_NO_COMMON_BLOCKS = YES;
				GCC_OPTIMIZATION_LEVEL = 0;
				GCC_PREPROCESSOR_DEFINITIONS = (
					"DEBUG=1",
					"$(inherited)",
				);
				GCC_SYMBOLS_PRIVATE_EXTERN = NO;
				GCC_WARN_64_TO_32_BIT_CONVERSION = YES;
				GCC_WARN_ABOUT_RETURN_TYPE = YES_ERROR;
				GCC_WARN_UNDECLARED_SELECTOR = YES;
				GCC_WARN_UNINITIALIZED_AUTOS = YES_AGGRESSIVE;
				GCC_WARN_UNUSED_FUNCTION = YES;
				GCC_WARN_UNUSED_VARIABLE = YES;
				MACOSX_DEPLOYMENT_TARGET = 10.10;
				MTL_ENABLE_DEBUG_INFO = YES;
				ONLY_ACTIVE_ARCH = YES;
				SDKROOT = macosx;
				SWIFT_OPTIMIZATION_LEVEL = "-Onone";
			};
			name = Debug;
		};
		DF26547E1B0390F50042BC79 /* Release */ = {
			isa = XCBuildConfiguration;
			buildSettings = {
				ALWAYS_SEARCH_USER_PATHS = NO;
				CLANG_CXX_LANGUAGE_STANDARD = "gnu++0x";
				CLANG_CXX_LIBRARY = "libc++";
				CLANG_ENABLE_MODULES = YES;
				CLANG_ENABLE_OBJC_ARC = YES;
				CLANG_WARN_BOOL_CONVERSION = YES;
				CLANG_WARN_CONSTANT_CONVERSION = YES;
				CLANG_WARN_DIRECT_OBJC_ISA_USAGE = YES_ERROR;
				CLANG_WARN_EMPTY_BODY = YES;
				CLANG_WARN_ENUM_CONVERSION = YES;
				CLANG_WARN_INT_CONVERSION = YES;
				CLANG_WARN_OBJC_ROOT_CLASS = YES_ERROR;
				CLANG_WARN_UNREACHABLE_CODE = YES;
				CLANG_WARN__DUPLICATE_METHOD_MATCH = YES;
				CODE_SIGN_IDENTITY = "-";
				COPY_PHASE_STRIP = NO;
				DEBUG_INFORMATION_FORMAT = "dwarf-with-dsym";
				ENABLE_NS_ASSERTIONS = NO;
				ENABLE_STRICT_OBJC_MSGSEND = YES;
				GCC_C_LANGUAGE_STANDARD = gnu99;
				GCC_NO_COMMON_BLOCKS = YES;
				GCC_WARN_64_TO_32_BIT_CONVERSION = YES;
				GCC_WARN_ABOUT_RETURN_TYPE = YES_ERROR;
				GCC_WARN_UNDECLARED_SELECTOR = YES;
				GCC_WARN_UNINITIALIZED_AUTOS = YES_AGGRESSIVE;
				GCC_WARN_UNUSED_FUNCTION = YES;
				GCC_WARN_UNUSED_VARIABLE = YES;
				MACOSX_DEPLOYMENT_TARGET = 10.10;
				MTL_ENABLE_DEBUG_INFO = NO;
				SDKROOT = macosx;
			};
			name = Release;
		};
		DF2654801B0390F50042BC79 /* Debug */ = {
			isa = XCBuildConfiguration;
			buildSettings = {
				ASSETCATALOG_COMPILER_APPICON_NAME = AppIcon;
				COMBINE_HIDPI_IMAGES = YES;
				INFOPLIST_FILE = CsieDnsUpdater/Info.plist;
				LD_RUNPATH_SEARCH_PATHS = "$(inherited) @executable_path/../Frameworks";
				PRODUCT_NAME = "$(TARGET_NAME)";
			};
			name = Debug;
		};
		DF2654811B0390F50042BC79 /* Release */ = {
			isa = XCBuildConfiguration;
			buildSettings = {
				ASSETCATALOG_COMPILER_APPICON_NAME = AppIcon;
				COMBINE_HIDPI_IMAGES = YES;
				INFOPLIST_FILE = CsieDnsUpdater/Info.plist;
				LD_RUNPATH_SEARCH_PATHS = "$(inherited) @executable_path/../Frameworks";
				PRODUCT_NAME = "$(TARGET_NAME)";
			};
			name = Release;
		};
		DF2654831B0390F50042BC79 /* Debug */ = {
			isa = XCBuildConfiguration;
			buildSettings = {
				BUNDLE_LOADER = "$(TEST_HOST)";
				COMBINE_HIDPI_IMAGES = YES;
				FRAMEWORK_SEARCH_PATHS = (
					"$(DEVELOPER_FRAMEWORKS_DIR)",
					"$(inherited)",
				);
				GCC_PREPROCESSOR_DEFINITIONS = (
					"DEBUG=1",
					"$(inherited)",
				);
				INFOPLIST_FILE = CsieDnsUpdaterTests/Info.plist;
				LD_RUNPATH_SEARCH_PATHS = "$(inherited) @executable_path/../Frameworks @loader_path/../Frameworks";
				PRODUCT_NAME = "$(TARGET_NAME)";
				TEST_HOST = "$(BUILT_PRODUCTS_DIR)/CsieDnsUpdater.app/Contents/MacOS/CsieDnsUpdater";
			};
			name = Debug;
		};
		DF2654841B0390F50042BC79 /* Release */ = {
			isa = XCBuildConfiguration;
			buildSettings = {
				BUNDLE_LOADER = "$(TEST_HOST)";
				COMBINE_HIDPI_IMAGES = YES;
				FRAMEWORK_SEARCH_PATHS = (
					"$(DEVELOPER_FRAMEWORKS_DIR)",
					"$(inherited)",
				);
				INFOPLIST_FILE = CsieDnsUpdaterTests/Info.plist;
				LD_RUNPATH_SEARCH_PATHS = "$(inherited) @executable_path/../Frameworks @loader_path/../Frameworks";
				PRODUCT_NAME = "$(TARGET_NAME)";
				TEST_HOST = "$(BUILT_PRODUCTS_DIR)/CsieDnsUpdater.app/Contents/MacOS/CsieDnsUpdater";
			};
			name = Release;
		};
/* End XCBuildConfiguration section */

/* Begin XCConfigurationList section */
		DF2654601B0390F50042BC79 /* Build configuration list for PBXProject "CsieDnsUpdater" */ = {
			isa = XCConfigurationList;
			buildConfigurations = (
				DF26547D1B0390F50042BC79 /* Debug */,
				DF26547E1B0390F50042BC79 /* Release */,
			);
			defaultConfigurationIsVisible = 0;
			defaultConfigurationName = Release;
		};
		DF26547F1B0390F50042BC79 /* Build configuration list for PBXNativeTarget "CsieDnsUpdater" */ = {
			isa = XCConfigurationList;
			buildConfigurations = (
				DF2654801B0390F50042BC79 /* Debug */,
				DF2654811B0390F50042BC79 /* Release */,
			);
			defaultConfigurationIsVisible = 0;
			defaultConfigurationName = Release;
		};
		DF2654821B0390F50042BC79 /* Build configuration list for PBXNativeTarget "CsieDnsUpdaterTests" */ = {
			isa = XCConfigurationList;
			buildConfigurations = (
				DF2654831B0390F50042BC79 /* Debug */,
				DF2654841B0390F50042BC79 /* Release */,
			);
			defaultConfigurationIsVisible = 0;
			defaultConfigurationName = Release;
		};
/* End XCConfigurationList section */
	};
	rootObject = DF26545D1B0390F50042BC79 /* Project object */;
}
